{
  "pins" : [
    {
      "identity" : "swift-http-types",
      "kind" : "remoteSourceControl",
      "location" : "https://github.com/apple/swift-http-types",
      "state" : {
        "revision" : "1827dc94bdab2eb5f2fc804e9b0cb43574282566",
        "version" : "1.0.2"
      }
    },
    {
      "identity" : "swift-openapi-runtime",
      "kind" : "remoteSourceControl",
      "location" : "https://github.com/apple/swift-openapi-runtime.git",
      "state" : {
        "revision" : "fd101c320185313bbf9c5a45b827b17eda9ff18a",
        "version" : "1.1.0"
      }
    }
  ],
  "version" : 2
}
