{
  "object": {
    "pins": [
      {
        "package": "OperationPlus",
        "repositoryURL": "https://github.com/ChimeHQ/OperationPlus.git",
        "state": {
          "branch": null,
          "revision": "bb81e4f1bb017edcd1307f950e011d1f4b1ea3a6",
          "version": "1.5.2"
        }
      }
    ]
  },
  "version": 1
}
